// !$*UTF8*$!
{
	archiveVersion = 1;
	classes = {
	};
	objectVersion = 46;
	objects = {

/* Begin PBXBuildFile section */
		192A5FF41DE88DBB00FB51ED /* main.m in Sources */ = {isa = PBXBuildFile; fileRef = 192A5FF31DE88DBB00FB51ED /* main.m */; };
		192A5FF71DE88DBB00FB51ED /* AppDelegate.m in Sources */ = {isa = PBXBuildFile; fileRef = 192A5FF61DE88DBB00FB51ED /* AppDelegate.m */; };
		192A5FFA1DE88DBB00FB51ED /* ViewController.m in Sources */ = {isa = PBXBuildFile; fileRef = 192A5FF91DE88DBB00FB51ED /* ViewController.m */; };
		192A5FFD1DE88DBB00FB51ED /* Main.storyboard in Resources */ = {isa = PBXBuildFile; fileRef = 192A5FFB1DE88DBB00FB51ED /* Main.storyboard */; };
		192A5FFF1DE88DBB00FB51ED /* Assets.xcassets in Resources */ = {isa = PBXBuildFile; fileRef = 192A5FFE1DE88DBB00FB51ED /* Assets.xcassets */; };
		192A60021DE88DBB00FB51ED /* LaunchScreen.storyboard in Resources */ = {isa = PBXBuildFile; fileRef = 192A60001DE88DBB00FB51ED /* LaunchScreen.storyboard */; };
		192A600D1DE88DBB00FB51ED /* Project_03___LoginPageAnimationTests.m in Sources */ = {isa = PBXBuildFile; fileRef = 192A600C1DE88DBB00FB51ED /* Project_03___LoginPageAnimationTests.m */; };
		192A60181DE88DBB00FB51ED /* Project_03___LoginPageAnimationUITests.m in Sources */ = {isa = PBXBuildFile; fileRef = 192A60171DE88DBB00FB51ED /* Project_03___LoginPageAnimationUITests.m */; };
/* End PBXBuildFile section */

/* Begin PBXContainerItemProxy section */
		192A60091DE88DBB00FB51ED /* PBXContainerItemProxy */ = {
			isa = PBXContainerItemProxy;
			containerPortal = 192A5FE71DE88DBB00FB51ED /* Project object */;
			proxyType = 1;
			remoteGlobalIDString = 192A5FEE1DE88DBB00FB51ED;
			remoteInfo = "Project 03 - LoginPageAnimation";
		};
		192A60141DE88DBB00FB51ED /* PBXContainerItemProxy */ = {
			isa = PBXContainerItemProxy;
			containerPortal = 192A5FE71DE88DBB00FB51ED /* Project object */;
			proxyType = 1;
			remoteGlobalIDString = 192A5FEE1DE88DBB00FB51ED;
			remoteInfo = "Project 03 - LoginPageAnimation";
		};
/* End PBXContainerItemProxy section */

/* Begin PBXFileReference section */
		192A5FEF1DE88DBB00FB51ED /* Project 03 - LoginPageAnimation.app */ = {isa = PBXFileReference; explicitFileType = wrapper.application; includeInIndex = 0; path = "Project 03 - LoginPageAnimation.app"; sourceTree = BUILT_PRODUCTS_DIR; };
		192A5FF31DE88DBB00FB51ED /* main.m */ = {isa = PBXFileReference; lastKnownFileType = sourcecode.c.objc; path = main.m; sourceTree = "<group>"; };
		192A5FF51DE88DBB00FB51ED /* AppDelegate.h */ = {isa = PBXFileReference; lastKnownFileType = sourcecode.c.h; path = AppDelegate.h; sourceTree = "<group>"; };
		192A5FF61DE88DBB00FB51ED /* AppDelegate.m */ = {isa = PBXFileReference; lastKnownFileType = sourcecode.c.objc; path = AppDelegate.m; sourceTree = "<group>"; };
		192A5FF81DE88DBB00FB51ED /* ViewController.h */ = {isa = PBXFileReference; lastKnownFileType = sourcecode.c.h; path = ViewController.h; sourceTree = "<group>"; };
		192A5FF91DE88DBB00FB51ED /* ViewController.m */ = {isa = PBXFileReference; lastKnownFileType = sourcecode.c.objc; path = ViewController.m; sourceTree = "<group>"; };
		192A5FFC1DE88DBB00FB51ED /* Base */ = {isa = PBXFileReference; lastKnownFileType = file.storyboard; name = Base; path = Base.lproj/Main.storyboard; sourceTree = "<group>"; };
		192A5FFE1DE88DBB00FB51ED /* Assets.xcassets */ = {isa = PBXFileReference; lastKnownFileType = folder.assetcatalog; path = Assets.xcassets; sourceTree = "<group>"; };
		192A60011DE88DBB00FB51ED /* Base */ = {isa = PBXFileReference; lastKnownFileType = file.storyboard; name = Base; path = Base.lproj/LaunchScreen.storyboard; sourceTree = "<group>"; };
		192A60031DE88DBB00FB51ED /* Info.plist */ = {isa = PBXFileReference; lastKnownFileType = text.plist.xml; path = Info.plist; sourceTree = "<group>"; };
		192A60081DE88DBB00FB51ED /* Project 03 - LoginPageAnimationTests.xctest */ = {isa = PBXFileReference; explicitFileType = wrapper.cfbundle; includeInIndex = 0; path = "Project 03 - LoginPageAnimationTests.xctest"; sourceTree = BUILT_PRODUCTS_DIR; };
		192A600C1DE88DBB00FB51ED /* Project_03___LoginPageAnimationTests.m */ = {isa = PBXFileReference; lastKnownFileType = sourcecode.c.objc; path = "Project_03___LoginPageAnimationTests.m"; sourceTree = "<group>"; };
		192A600E1DE88DBB00FB51ED /* Info.plist */ = {isa = PBXFileReference; lastKnownFileType = text.plist.xml; path = Info.plist; sourceTree = "<group>"; };
		192A60131DE88DBB00FB51ED /* Project 03 - LoginPageAnimationUITests.xctest */ = {isa = PBXFileReference; explicitFileType = wrapper.cfbundle; includeInIndex = 0; path = "Project 03 - LoginPageAnimationUITests.xctest"; sourceTree = BUILT_PRODUCTS_DIR; };
		192A60171DE88DBB00FB51ED /* Project_03___LoginPageAnimationUITests.m */ = {isa = PBXFileReference; lastKnownFileType = sourcecode.c.objc; path = "Project_03___LoginPageAnimationUITests.m"; sourceTree = "<group>"; };
		192A60191DE88DBB00FB51ED /* Info.plist */ = {isa = PBXFileReference; lastKnownFileType = text.plist.xml; path = Info.plist; sourceTree = "<group>"; };
/* End PBXFileReference section */

/* Begin PBXFrameworksBuildPhase section */
		192A5FEC1DE88DBB00FB51ED /* Frameworks */ = {
			isa = PBXFrameworksBuildPhase;
			buildActionMask = 2147483647;
			files = (
			);
			runOnlyForDeploymentPostprocessing = 0;
		};
		192A60051DE88DBB00FB51ED /* Frameworks */ = {
			isa = PBXFrameworksBuildPhase;
			buildActionMask = 2147483647;
			files = (
			);
			runOnlyForDeploymentPostprocessing = 0;
		};
		192A60101DE88DBB00FB51ED /* Frameworks */ = {
			isa = PBXFrameworksBuildPhase;
			buildActionMask = 2147483647;
			files = (
			);
			runOnlyForDeploymentPostprocessing = 0;
		};
/* End PBXFrameworksBuildPhase section */

/* Begin PBXGroup section */
		192A5FE61DE88DBB00FB51ED = {
			isa = PBXGroup;
			children = (
				192A5FF11DE88DBB00FB51ED /* Project 03 - LoginPageAnimation */,
				192A600B1DE88DBB00FB51ED /* Project 03 - LoginPageAnimationTests */,
				192A60161DE88DBB00FB51ED /* Project 03 - LoginPageAnimationUITests */,
				192A5FF01DE88DBB00FB51ED /* Products */,
			);
			sourceTree = "<group>";
		};
		192A5FF01DE88DBB00FB51ED /* Products */ = {
			isa = PBXGroup;
			children = (
				192A5FEF1DE88DBB00FB51ED /* Project 03 - LoginPageAnimation.app */,
				192A60081DE88DBB00FB51ED /* Project 03 - LoginPageAnimationTests.xctest */,
				192A60131DE88DBB00FB51ED /* Project 03 - LoginPageAnimationUITests.xctest */,
			);
			name = Products;
			sourceTree = "<group>";
		};
		192A5FF11DE88DBB00FB51ED /* Project 03 - LoginPageAnimation */ = {
			isa = PBXGroup;
			children = (
				192A5FF51DE88DBB00FB51ED /* AppDelegate.h */,
				192A5FF61DE88DBB00FB51ED /* AppDelegate.m */,
				192A5FF81DE88DBB00FB51ED /* ViewController.h */,
				192A5FF91DE88DBB00FB51ED /* ViewController.m */,
				192A5FFB1DE88DBB00FB51ED /* Main.storyboard */,
				192A5FFE1DE88DBB00FB51ED /* Assets.xcassets */,
				192A60001DE88DBB00FB51ED /* LaunchScreen.storyboard */,
				192A60031DE88DBB00FB51ED /* Info.plist */,
				192A5FF21DE88DBB00FB51ED /* Supporting Files */,
			);
			path = "Project 03 - LoginPageAnimation";
			sourceTree = "<group>";
		};
		192A5FF21DE88DBB00FB51ED /* Supporting Files */ = {
			isa = PBXGroup;
			children = (
				192A5FF31DE88DBB00FB51ED /* main.m */,
			);
			name = "Supporting Files";
			sourceTree = "<group>";
		};
		192A600B1DE88DBB00FB51ED /* Project 03 - LoginPageAnimationTests */ = {
			isa = PBXGroup;
			children = (
				192A600C1DE88DBB00FB51ED /* Project_03___LoginPageAnimationTests.m */,
				192A600E1DE88DBB00FB51ED /* Info.plist */,
			);
			path = "Project 03 - LoginPageAnimationTests";
			sourceTree = "<group>";
		};
		192A60161DE88DBB00FB51ED /* Project 03 - LoginPageAnimationUITests */ = {
			isa = PBXGroup;
			children = (
				192A60171DE88DBB00FB51ED /* Project_03___LoginPageAnimationUITests.m */,
				192A60191DE88DBB00FB51ED /* Info.plist */,
			);
			path = "Project 03 - LoginPageAnimationUITests";
			sourceTree = "<group>";
		};
/* End PBXGroup section */

/* Begin PBXNativeTarget section */
		192A5FEE1DE88DBB00FB51ED /* Project 03 - LoginPageAnimation */ = {
			isa = PBXNativeTarget;
			buildConfigurationList = 192A601C1DE88DBB00FB51ED /* Build configuration list for PBXNativeTarget "Project 03 - LoginPageAnimation" */;
			buildPhases = (
				192A5FEB1DE88DBB00FB51ED /* Sources */,
				192A5FEC1DE88DBB00FB51ED /* Frameworks */,
				192A5FED1DE88DBB00FB51ED /* Resources */,
			);
			buildRules = (
			);
			dependencies = (
			);
			name = "Project 03 - LoginPageAnimation";
			productName = "Project 03 - LoginPageAnimation";
			productReference = 192A5FEF1DE88DBB00FB51ED /* Project 03 - LoginPageAnimation.app */;
			productType = "com.apple.product-type.application";
		};
		192A60071DE88DBB00FB51ED /* Project 03 - LoginPageAnimationTests */ = {
			isa = PBXNativeTarget;
			buildConfigurationList = 192A601F1DE88DBB00FB51ED /* Build configuration list for PBXNativeTarget "Project 03 - LoginPageAnimationTests" */;
			buildPhases = (
				192A60041DE88DBB00FB51ED /* Sources */,
				192A60051DE88DBB00FB51ED /* Frameworks */,
				192A60061DE88DBB00FB51ED /* Resources */,
			);
			buildRules = (
			);
			dependencies = (
				192A600A1DE88DBB00FB51ED /* PBXTargetDependency */,
			);
			name = "Project 03 - LoginPageAnimationTests";
			productName = "Project 03 - LoginPageAnimationTests";
			productReference = 192A60081DE88DBB00FB51ED /* Project 03 - LoginPageAnimationTests.xctest */;
			productType = "com.apple.product-type.bundle.unit-test";
		};
		192A60121DE88DBB00FB51ED /* Project 03 - LoginPageAnimationUITests */ = {
			isa = PBXNativeTarget;
			buildConfigurationList = 192A60221DE88DBB00FB51ED /* Build configuration list for PBXNativeTarget "Project 03 - LoginPageAnimationUITests" */;
			buildPhases = (
				192A600F1DE88DBB00FB51ED /* Sources */,
				192A60101DE88DBB00FB51ED /* Frameworks */,
				192A60111DE88DBB00FB51ED /* Resources */,
			);
			buildRules = (
			);
			dependencies = (
				192A60151DE88DBB00FB51ED /* PBXTargetDependency */,
			);
			name = "Project 03 - LoginPageAnimationUITests";
			productName = "Project 03 - LoginPageAnimationUITests";
			productReference = 192A60131DE88DBB00FB51ED /* Project 03 - LoginPageAnimationUITests.xctest */;
			productType = "com.apple.product-type.bundle.ui-testing";
		};
/* End PBXNativeTarget section */

/* Begin PBXProject section */
		192A5FE71DE88DBB00FB51ED /* Project object */ = {
			isa = PBXProject;
			attributes = {
				LastUpgradeCheck = 0810;
				ORGANIZATIONNAME = Jiong;
				TargetAttributes = {
					192A5FEE1DE88DBB00FB51ED = {
						CreatedOnToolsVersion = 8.1;
						DevelopmentTeam = 55TJDVV762;
						ProvisioningStyle = Automatic;
					};
					192A60071DE88DBB00FB51ED = {
						CreatedOnToolsVersion = 8.1;
						DevelopmentTeam = 55TJDVV762;
						ProvisioningStyle = Automatic;
						TestTargetID = 192A5FEE1DE88DBB00FB51ED;
					};
					192A60121DE88DBB00FB51ED = {
						CreatedOnToolsVersion = 8.1;
						DevelopmentTeam = 55TJDVV762;
						ProvisioningStyle = Automatic;
						TestTargetID = 192A5FEE1DE88DBB00FB51ED;
					};
				};
			};
			buildConfigurationList = 192A5FEA1DE88DBB00FB51ED /* Build configuration list for PBXProject "Project 03 - LoginPageAnimation" */;
			compatibilityVersion = "Xcode 3.2";
			developmentRegion = English;
			hasScannedForEncodings = 0;
			knownRegions = (
				en,
				Base,
			);
			mainGroup = 192A5FE61DE88DBB00FB51ED;
			productRefGroup = 192A5FF01DE88DBB00FB51ED /* Products */;
			projectDirPath = "";
			projectRoot = "";
			targets = (
				192A5FEE1DE88DBB00FB51ED /* Project 03 - LoginPageAnimation */,
				192A60071DE88DBB00FB51ED /* Project 03 - LoginPageAnimationTests */,
				192A60121DE88DBB00FB51ED /* Project 03 - LoginPageAnimationUITests */,
			);
		};
/* End PBXProject section */

/* Begin PBXResourcesBuildPhase section */
		192A5FED1DE88DBB00FB51ED /* Resources */ = {
			isa = PBXResourcesBuildPhase;
			buildActionMask = 2147483647;
			files = (
				192A60021DE88DBB00FB51ED /* LaunchScreen.storyboard in Resources */,
				192A5FFF1DE88DBB00FB51ED /* Assets.xcassets in Resources */,
				192A5FFD1DE88DBB00FB51ED /* Main.storyboard in Resources */,
			);
			runOnlyForDeploymentPostprocessing = 0;
		};
		192A60061DE88DBB00FB51ED /* Resources */ = {
			isa = PBXResourcesBuildPhase;
			buildActionMask = 2147483647;
			files = (
			);
			runOnlyForDeploymentPostprocessing = 0;
		};
		192A60111DE88DBB00FB51ED /* Resources */ = {
			isa = PBXResourcesBuildPhase;
			buildActionMask = 2147483647;
			files = (
			);
			runOnlyForDeploymentPostprocessing = 0;
		};
/* End PBXResourcesBuildPhase section */

/* Begin PBXSourcesBuildPhase section */
		192A5FEB1DE88DBB00FB51ED /* Sources */ = {
			isa = PBXSourcesBuildPhase;
			buildActionMask = 2147483647;
			files = (
				192A5FFA1DE88DBB00FB51ED /* ViewController.m in Sources */,
				192A5FF71DE88DBB00FB51ED /* AppDelegate.m in Sources */,
				192A5FF41DE88DBB00FB51ED /* main.m in Sources */,
			);
			runOnlyForDeploymentPostprocessing = 0;
		};
		192A60041DE88DBB00FB51ED /* Sources */ = {
			isa = PBXSourcesBuildPhase;
			buildActionMask = 2147483647;
			files = (
				192A600D1DE88DBB00FB51ED /* Project_03___LoginPageAnimationTests.m in Sources */,
			);
			runOnlyForDeploymentPostprocessing = 0;
		};
		192A600F1DE88DBB00FB51ED /* Sources */ = {
			isa = PBXSourcesBuildPhase;
			buildActionMask = 2147483647;
			files = (
				192A60181DE88DBB00FB51ED /* Project_03___LoginPageAnimationUITests.m in Sources */,
			);
			runOnlyForDeploymentPostprocessing = 0;
		};
/* End PBXSourcesBuildPhase section */

/* Begin PBXTargetDependency section */
		192A600A1DE88DBB00FB51ED /* PBXTargetDependency */ = {
			isa = PBXTargetDependency;
			target = 192A5FEE1DE88DBB00FB51ED /* Project 03 - LoginPageAnimation */;
			targetProxy = 192A60091DE88DBB00FB51ED /* PBXContainerItemProxy */;
		};
		192A60151DE88DBB00FB51ED /* PBXTargetDependency */ = {
			isa = PBXTargetDependency;
			target = 192A5FEE1DE88DBB00FB51ED /* Project 03 - LoginPageAnimation */;
			targetProxy = 192A60141DE88DBB00FB51ED /* PBXContainerItemProxy */;
		};
/* End PBXTargetDependency section */

/* Begin PBXVariantGroup section */
		192A5FFB1DE88DBB00FB51ED /* Main.storyboard */ = {
			isa = PBXVariantGroup;
			children = (
				192A5FFC1DE88DBB00FB51ED /* Base */,
			);
			name = Main.storyboard;
			sourceTree = "<group>";
		};
		192A60001DE88DBB00FB51ED /* LaunchScreen.storyboard */ = {
			isa = PBXVariantGroup;
			children = (
				192A60011DE88DBB00FB51ED /* Base */,
			);
			name = LaunchScreen.storyboard;
			sourceTree = "<group>";
		};
/* End PBXVariantGroup section */

/* Begin XCBuildConfiguration section */
		192A601A1DE88DBB00FB51ED /* Debug */ = {
			isa = XCBuildConfiguration;
			buildSettings = {
				ALWAYS_SEARCH_USER_PATHS = NO;
				CLANG_ANALYZER_NONNULL = YES;
				CLANG_CXX_LANGUAGE_STANDARD = "gnu++0x";
				CLANG_CXX_LIBRARY = "libc++";
				CLANG_ENABLE_MODULES = YES;
				CLANG_ENABLE_OBJC_ARC = YES;
				CLANG_WARN_BOOL_CONVERSION = YES;
				CLANG_WARN_CONSTANT_CONVERSION = YES;
				CLANG_WARN_DIRECT_OBJC_ISA_USAGE = YES_ERROR;
				CLANG_WARN_DOCUMENTATION_COMMENTS = YES;
				CLANG_WARN_EMPTY_BODY = YES;
				CLANG_WARN_ENUM_CONVERSION = YES;
				CLANG_WARN_INFINITE_RECURSION = YES;
				CLANG_WARN_INT_CONVERSION = YES;
				CLANG_WARN_OBJC_ROOT_CLASS = YES_ERROR;
				CLANG_WARN_SUSPICIOUS_MOVES = YES;
				CLANG_WARN_UNREACHABLE_CODE = YES;
				CLANG_WARN__DUPLICATE_METHOD_MATCH = YES;
				"CODE_SIGN_IDENTITY[sdk=iphoneos*]" = "iPhone Developer";
				COPY_PHASE_STRIP = NO;
				DEBUG_INFORMATION_FORMAT = dwarf;
				ENABLE_STRICT_OBJC_MSGSEND = YES;
				ENABLE_TESTABILITY = YES;
				GCC_C_LANGUAGE_STANDARD = gnu99;
				GCC_DYNAMIC_NO_PIC = NO;
				GCC_NO_COMMON_BLOCKS = YES;
				GCC_OPTIMIZATION_LEVEL = 0;
				GCC_PREPROCESSOR_DEFINITIONS = (
					"DEBUG=1",
					"$(inherited)",
				);
				GCC_WARN_64_TO_32_BIT_CONVERSION = YES;
				GCC_WARN_ABOUT_RETURN_TYPE = YES_ERROR;
				GCC_WARN_UNDECLARED_SELECTOR = YES;
				GCC_WARN_UNINITIALIZED_AUTOS = YES_AGGRESSIVE;
				GCC_WARN_UNUSED_FUNCTION = YES;
				GCC_WARN_UNUSED_VARIABLE = YES;
				IPHONEOS_DEPLOYMENT_TARGET = 10.1;
				MTL_ENABLE_DEBUG_INFO = YES;
				ONLY_ACTIVE_ARCH = YES;
				SDKROOT = iphoneos;
			};
			name = Debug;
		};
		192A601B1DE88DBB00FB51ED /* Release */ = {
			isa = XCBuildConfiguration;
			buildSettings = {
				ALWAYS_SEARCH_USER_PATHS = NO;
				CLANG_ANALYZER_NONNULL = YES;
				CLANG_CXX_LANGUAGE_STANDARD = "gnu++0x";
				CLANG_CXX_LIBRARY = "libc++";
				CLANG_ENABLE_MODULES = YES;
				CLANG_ENABLE_OBJC_ARC = YES;
				CLANG_WARN_BOOL_CONVERSION = YES;
				CLANG_WARN_CONSTANT_CONVERSION = YES;
				CLANG_WARN_DIRECT_OBJC_ISA_USAGE = YES_ERROR;
				CLANG_WARN_DOCUMENTATION_COMMENTS = YES;
				CLANG_WARN_EMPTY_BODY = YES;
				CLANG_WARN_ENUM_CONVERSION = YES;
				CLANG_WARN_INFINITE_RECURSION = YES;
				CLANG_WARN_INT_CONVERSION = YES;
				CLANG_WARN_OBJC_ROOT_CLASS = YES_ERROR;
				CLANG_WARN_SUSPICIOUS_MOVES = YES;
				CLANG_WARN_UNREACHABLE_CODE = YES;
				CLANG_WARN__DUPLICATE_METHOD_MATCH = YES;
				"CODE_SIGN_IDENTITY[sdk=iphoneos*]" = "iPhone Developer";
				COPY_PHASE_STRIP = NO;
				DEBUG_INFORMATION_FORMAT = "dwarf-with-dsym";
				ENABLE_NS_ASSERTIONS = NO;
				ENABLE_STRICT_OBJC_MSGSEND = YES;
				GCC_C_LANGUAGE_STANDARD = gnu99;
				GCC_NO_COMMON_BLOCKS = YES;
				GCC_WARN_64_TO_32_BIT_CONVERSION = YES;
				GCC_WARN_ABOUT_RETURN_TYPE = YES_ERROR;
				GCC_WARN_UNDECLARED_SELECTOR = YES;
				GCC_WARN_UNINITIALIZED_AUTOS = YES_AGGRESSIVE;
				GCC_WARN_UNUSED_FUNCTION = YES;
				GCC_WARN_UNUSED_VARIABLE = YES;
				IPHONEOS_DEPLOYMENT_TARGET = 10.1;
				MTL_ENABLE_DEBUG_INFO = NO;
				SDKROOT = iphoneos;
				VALIDATE_PRODUCT = YES;
			};
			name = Release;
		};
		192A601D1DE88DBB00FB51ED /* Debug */ = {
			isa = XCBuildConfiguration;
			buildSettings = {
				ASSETCATALOG_COMPILER_APPICON_NAME = AppIcon;
				DEVELOPMENT_TEAM = 55TJDVV762;
				INFOPLIST_FILE = "Project 03 - LoginPageAnimation/Info.plist";
				LD_RUNPATH_SEARCH_PATHS = "$(inherited) @executable_path/Frameworks";
				PRODUCT_BUNDLE_IDENTIFIER = "Jiong..Project-03---LoginPageAnimation";
				PRODUCT_NAME = "$(TARGET_NAME)";
			};
			name = Debug;
		};
		192A601E1DE88DBB00FB51ED /* Release */ = {
			isa = XCBuildConfiguration;
			buildSettings = {
				ASSETCATALOG_COMPILER_APPICON_NAME = AppIcon;
				DEVELOPMENT_TEAM = 55TJDVV762;
				INFOPLIST_FILE = "Project 03 - LoginPageAnimation/Info.plist";
				LD_RUNPATH_SEARCH_PATHS = "$(inherited) @executable_path/Frameworks";
				PRODUCT_BUNDLE_IDENTIFIER = "Jiong..Project-03---LoginPageAnimation";
				PRODUCT_NAME = "$(TARGET_NAME)";
			};
			name = Release;
		};
		192A60201DE88DBB00FB51ED /* Debug */ = {
			isa = XCBuildConfiguration;
			buildSettings = {
				BUNDLE_LOADER = "$(TEST_HOST)";
				DEVELOPMENT_TEAM = 55TJDVV762;
				INFOPLIST_FILE = "Project 03 - LoginPageAnimationTests/Info.plist";
				LD_RUNPATH_SEARCH_PATHS = "$(inherited) @executable_path/Frameworks @loader_path/Frameworks";
				PRODUCT_BUNDLE_IDENTIFIER = "Jiong..Project-03---LoginPageAnimationTests";
				PRODUCT_NAME = "$(TARGET_NAME)";
				TEST_HOST = "$(BUILT_PRODUCTS_DIR)/Project 03 - LoginPageAnimation.app/Project 03 - LoginPageAnimation";
			};
			name = Debug;
		};
		192A60211DE88DBB00FB51ED /* Release */ = {
			isa = XCBuildConfiguration;
			buildSettings = {
				BUNDLE_LOADER = "$(TEST_HOST)";
				DEVELOPMENT_TEAM = 55TJDVV762;
				INFOPLIST_FILE = "Project 03 - LoginPageAnimationTests/Info.plist";
				LD_RUNPATH_SEARCH_PATHS = "$(inherited) @executable_path/Frameworks @loader_path/Frameworks";
				PRODUCT_BUNDLE_IDENTIFIER = "Jiong..Project-03---LoginPageAnimationTests";
				PRODUCT_NAME = "$(TARGET_NAME)";
				TEST_HOST = "$(BUILT_PRODUCTS_DIR)/Project 03 - LoginPageAnimation.app/Project 03 - LoginPageAnimation";
			};
			name = Release;
		};
		192A60231DE88DBB00FB51ED /* Debug */ = {
			isa = XCBuildConfiguration;
			buildSettings = {
				DEVELOPMENT_TEAM = 55TJDVV762;
				INFOPLIST_FILE = "Project 03 - LoginPageAnimationUITests/Info.plist";
				LD_RUNPATH_SEARCH_PATHS = "$(inherited) @executable_path/Frameworks @loader_path/Frameworks";
				PRODUCT_BUNDLE_IDENTIFIER = "Jiong..Project-03---LoginPageAnimationUITests";
				PRODUCT_NAME = "$(TARGET_NAME)";
				TEST_TARGET_NAME = "Project 03 - LoginPageAnimation";
			};
			name = Debug;
		};
		192A60241DE88DBB00FB51ED /* Release */ = {
			isa = XCBuildConfiguration;
			buildSettings = {
				DEVELOPMENT_TEAM = 55TJDVV762;
				INFOPLIST_FILE = "Project 03 - LoginPageAnimationUITests/Info.plist";
				LD_RUNPATH_SEARCH_PATHS = "$(inherited) @executable_path/Frameworks @loader_path/Frameworks";
				PRODUCT_BUNDLE_IDENTIFIER = "Jiong..Project-03---LoginPageAnimationUITests";
				PRODUCT_NAME = "$(TARGET_NAME)";
				TEST_TARGET_NAME = "Project 03 - LoginPageAnimation";
			};
			name = Release;
		};
/* End XCBuildConfiguration section */

/* Begin XCConfigurationList section */
		192A5FEA1DE88DBB00FB51ED /* Build configuration list for PBXProject "Project 03 - LoginPageAnimation" */ = {
			isa = XCConfigurationList;
			buildConfigurations = (
				192A601A1DE88DBB00FB51ED /* Debug */,
				192A601B1DE88DBB00FB51ED /* Release */,
			);
			defaultConfigurationIsVisible = 0;
			defaultConfigurationName = Release;
		};
		192A601C1DE88DBB00FB51ED /* Build configuration list for PBXNativeTarget "Project 03 - LoginPageAnimation" */ = {
			isa = XCConfigurationList;
			buildConfigurations = (
				192A601D1DE88DBB00FB51ED /* Debug */,
				192A601E1DE88DBB00FB51ED /* Release */,
			);
			defaultConfigurationIsVisible = 0;
		};
		192A601F1DE88DBB00FB51ED /* Build configuration list for PBXNativeTarget "Project 03 - LoginPageAnimationTests" */ = {
			isa = XCConfigurationList;
			buildConfigurations = (
				192A60201DE88DBB00FB51ED /* Debug */,
				192A60211DE88DBB00FB51ED /* Release */,
			);
			defaultConfigurationIsVisible = 0;
		};
		192A60221DE88DBB00FB51ED /* Build configuration list for PBXNativeTarget "Project 03 - LoginPageAnimationUITests" */ = {
			isa = XCConfigurationList;
			buildConfigurations = (
				192A60231DE88DBB00FB51ED /* Debug */,
				192A60241DE88DBB00FB51ED /* Release */,
			);
			defaultConfigurationIsVisible = 0;
		};
/* End XCConfigurationList section */
	};
	rootObject = 192A5FE71DE88DBB00FB51ED /* Project object */;
}
